
Microsoft Visual Studio Solution File, Format Version 12.00
# Visual Studio Version 16
VisualStudioVersion = 16.0.31515.178
MinimumVisualStudioVersion = 10.0.40219.1
Project("{FAE04EC0-301F-11D3-BF4B-00C04F79EFBC}") = "Entities", "Entities\Entities.csproj", "{06CF4155-E863-4C98-916E-0E8A1C838DF5}"
EndProject
Project("{FAE04EC0-301F-11D3-BF4B-00C04F79EFBC}") = "Helpers", "Helpers\Helpers.csproj", "{3C031141-839D-4AA3-8942-50E52E3CA000}"
EndProject
Project("{FAE04EC0-301F-11D3-BF4B-00C04F79EFBC}") = "CancelProcess", "Service\CancelProcess\CancelProcess.csproj", "{E8C00167-055D-45D6-B196-5084281E2EDB}"
EndProject
Project("{FAE04EC0-301F-11D3-BF4B-00C04F79EFBC}") = "eSchoolService", "Service\eSchoolService\eSchoolService.csproj", "{F375215E-14CE-4F49-96DE-9ABF9B6788C1}"
EndProject
Project("{FAE04EC0-301F-11D3-BF4B-00C04F79EFBC}") = "GenAmount", "Service\GenAmount\GenAmount.csproj", "{A67B46F9-C837-4F6E-8B0B-46CEB6C46777}"
EndProject
Project("{FAE04EC0-301F-11D3-BF4B-00C04F79EFBC}") = "GenCancelNo", "Service\GenCancelNo\GenCancelNo.csproj", "{669C047B-3636-4089-87E0-5F73CFD0B7B2}"
EndProject
Project("{FAE04EC0-301F-11D3-BF4B-00C04F79EFBC}") = "GenCancelResult", "Service\GenCancelResult\GenCancelResult.csproj", "{A2E0BBE4-864D-45B4-9ED2-B4F565463415}"
EndProject
Project("{FAE04EC0-301F-11D3-BF4B-00C04F79EFBC}") = "ImportBUAData", "Service\ImportBUAData\ImportBUAData.csproj", "{552572B0-ED54-487C-A081-D9004B9894E6}"
EndProject
Project("{FAE04EC0-301F-11D3-BF4B-00C04F79EFBC}") = "ImportBUCData", "Service\ImportBUCData\ImportBUCData.csproj", "{99936B13-4CBF-4896-BDD0-CFFC14A0D8C7}"
EndProject
Project("{FAE04EC0-301F-11D3-BF4B-00C04F79EFBC}") = "ImportBUDData", "Service\ImportBUDData\ImportBUDData.csproj", "{97228DA9-9ACC-4164-A9D1-8F3BA1337C10}"
EndProject
Project("{FAE04EC0-301F-11D3-BF4B-00C04F79EFBC}") = "ImportBUEData", "Service\ImportBUEData\ImportBUEData.csproj", "{EEAACDD7-224D-4D96-B0F1-6608BEB2C400}"
EndProject
Project("{FAE04EC0-301F-11D3-BF4B-00C04F79EFBC}") = "SendBillMail", "Service\SendBillMail\SendBillMail.csproj", "{662C4EB2-4940-455A-AC5E-AD59B5982CAE}"
EndProject
Project("{FAE04EC0-301F-11D3-BF4B-00C04F79EFBC}") = "ImportSMFile", "Service\ImportSMFile\ImportSMFile.csproj", "{131711FA-D983-4852-B301-A454CDDB162B}"
EndProject
Project("{FAE04EC0-301F-11D3-BF4B-00C04F79EFBC}") = "ftpClient", "Service\ftpClient\ftpClient.csproj", "{024BF11E-1D6D-4066-8F16-7E15E6F74332}"
EndProject
Project("{FAE04EC0-301F-11D3-BF4B-00C04F79EFBC}") = "GenCancelData", "Service\GenCancelData\GenCancelData.csproj", "{7613E04E-743A-4D78-8D07-1BDFCB7A26BE}"
EndProject
Project("{FAE04EC0-301F-11D3-BF4B-00C04F79EFBC}") = "GenCTCBData", "Service\GenCTCBData\GenCTCBData.csproj", "{29B64764-F2DB-48B6-BD4C-DFE4C17FE69B}"
EndProject
Project("{FAE04EC0-301F-11D3-BF4B-00C04F79EFBC}") = "CallEAI", "Service\CallEAI\CallEAI.csproj", "{0747AF32-1BC7-4BD7-8606-FBE929329397}"
EndProject
Project("{FAE04EC0-301F-11D3-BF4B-00C04F79EFBC}") = "ImportBUBData", "Service\ImportBUBData\ImportBUBData.csproj", "{04AA1F45-3E1D-4D03-A023-61845A4B8AB9}"
EndProject
Project("{FAE04EC0-301F-11D3-BF4B-00C04F79EFBC}") = "ImportBUFData", "Service\ImportBUFData\ImportBUFData.csproj", "{0EEADF61-09CF-43E7-9A3B-3B5A69B80110}"
EndProject
Project("{FAE04EC0-301F-11D3-BF4B-00C04F79EFBC}") = "GenTaxData", "Service\GenTaxData\GenTaxData.csproj", "{34080570-384B-4FC9-91C8-8A8EF69F17B1}"
EndProject
Project("{FAE04EC0-301F-11D3-BF4B-00C04F79EFBC}") = "UpD38Data", "Service\UpD38Data\UpD38Data.csproj", "{08F004F5-1197-428C-9DEF-98BE0D35C96F}"
EndProject
Project("{FAE04EC0-301F-11D3-BF4B-00C04F79EFBC}") = "ImportBUGData", "Service\ImportBUGData\ImportBUGData.csproj", "{D934EE3B-B400-4655-A8C7-DE3932023A02}"
EndProject
Project("{FAE04EC0-301F-11D3-BF4B-00C04F79EFBC}") = "Deliver", "Service\Deliver\Deliver.csproj", "{A1F61306-2E5D-4561-9851-2836E9A8BCA1}"
EndProject
Project("{FAE04EC0-301F-11D3-BF4B-00C04F79EFBC}") = "MoveToHistory", "Service\MoveToHistory\MoveToHistory.csproj", "{37B597FF-721E-4861-A61D-A0D249F8B962}"
EndProject
Project("{FAE04EC0-301F-11D3-BF4B-00C04F79EFBC}") = "FolderClear", "Service\FolderClear\FolderClear.csproj", "{EF2A3DC4-9A01-456D-9B25-B8DADC0E12EB}"
EndProject
Project("{FAE04EC0-301F-11D3-BF4B-00C04F79EFBC}") = "SendNotifyMail", "Service\SendNotifyMail\SendNotifyMail.csproj", "{F06C1091-8E98-48DD-AACE-C20B1DF63022}"
EndProject
Project("{FAE04EC0-301F-11D3-BF4B-00C04F79EFBC}") = "FtpUpload", "Service\FtpUpload\FtpUpload.csproj", "{9C943882-85FB-42EE-8B89-9C071AEE8E9F}"
EndProject
Project("{FAE04EC0-301F-11D3-BF4B-00C04F79EFBC}") = "InboundTransfer", "Service\InboundTransfer\InboundTransfer.csproj", "{0EE4862D-6200-4851-A478-7EC9936E1DD4}"
EndProject
Project("{FAE04EC0-301F-11D3-BF4B-00C04F79EFBC}") = "SchoolData3In1", "Service\SchoolData3In1\SchoolData3In1.csproj", "{EE3A731C-FDC7-44C9-965E-0F22338B8EEF}"
EndProject
Project("{FAE04EC0-301F-11D3-BF4B-00C04F79EFBC}") = "InboundChangeKey", "Service\InboundChangeKey\InboundChangeKey.csproj", "{152FF8F3-C51F-421E-BC5C-327E13F74341}"
EndProject
Project("{FAE04EC0-301F-11D3-BF4B-00C04F79EFBC}") = "ClearDB", "Service\ClearDB\ClearDB.csproj", "{F8B1DBBD-BD2D-471B-A5B2-6E3CD9957E7D}"
EndProject
Project("{FAE04EC0-301F-11D3-BF4B-00C04F79EFBC}") = "KP3Render", "Service\KP3Render\KP3Render.csproj", "{A46E45A1-F114-4A1D-A8C1-C9E61E899C64}"
EndProject
Project("{FAE04EC0-301F-11D3-BF4B-00C04F79EFBC}") = "SendNotifyMail2", "Service\SendNotifyMail2\SendNotifyMail2.csproj", "{9D795638-F4A8-4FE6-810F-C4565D3B1918}"
EndProject
Global
	GlobalSection(SolutionConfigurationPlatforms) = preSolution
		Debug|Any CPU = Debug|Any CPU
		Debug|x86 = Debug|x86
		Release|Any CPU = Release|Any CPU
		Release|x86 = Release|x86
	EndGlobalSection
	GlobalSection(ProjectConfigurationPlatforms) = postSolution
		{06CF4155-E863-4C98-916E-0E8A1C838DF5}.Debug|Any CPU.ActiveCfg = Debug|Any CPU
		{06CF4155-E863-4C98-916E-0E8A1C838DF5}.Debug|x86.ActiveCfg = Debug|Any CPU
		{06CF4155-E863-4C98-916E-0E8A1C838DF5}.Release|Any CPU.ActiveCfg = Release|Any CPU
		{06CF4155-E863-4C98-916E-0E8A1C838DF5}.Release|x86.ActiveCfg = Release|Any CPU
		{3C031141-839D-4AA3-8942-50E52E3CA000}.Debug|Any CPU.ActiveCfg = Debug|Any CPU
		{3C031141-839D-4AA3-8942-50E52E3CA000}.Debug|x86.ActiveCfg = Debug|Any CPU
		{3C031141-839D-4AA3-8942-50E52E3CA000}.Release|Any CPU.ActiveCfg = Release|Any CPU
		{3C031141-839D-4AA3-8942-50E52E3CA000}.Release|x86.ActiveCfg = Release|Any CPU
		{E8C00167-055D-45D6-B196-5084281E2EDB}.Debug|Any CPU.ActiveCfg = Debug|Any CPU
		{E8C00167-055D-45D6-B196-5084281E2EDB}.Debug|Any CPU.Build.0 = Debug|Any CPU
		{E8C00167-055D-45D6-B196-5084281E2EDB}.Debug|x86.ActiveCfg = Debug|Any CPU
		{E8C00167-055D-45D6-B196-5084281E2EDB}.Release|Any CPU.ActiveCfg = Release|Any CPU
		{E8C00167-055D-45D6-B196-5084281E2EDB}.Release|Any CPU.Build.0 = Release|Any CPU
		{E8C00167-055D-45D6-B196-5084281E2EDB}.Release|x86.ActiveCfg = Release|Any CPU
		{F375215E-14CE-4F49-96DE-9ABF9B6788C1}.Debug|Any CPU.ActiveCfg = Debug|Any CPU
		{F375215E-14CE-4F49-96DE-9ABF9B6788C1}.Debug|Any CPU.Build.0 = Debug|Any CPU
		{F375215E-14CE-4F49-96DE-9ABF9B6788C1}.Debug|x86.ActiveCfg = Debug|Any CPU
		{F375215E-14CE-4F49-96DE-9ABF9B6788C1}.Release|Any CPU.ActiveCfg = Release|Any CPU
		{F375215E-14CE-4F49-96DE-9ABF9B6788C1}.Release|Any CPU.Build.0 = Release|Any CPU
		{F375215E-14CE-4F49-96DE-9ABF9B6788C1}.Release|x86.ActiveCfg = Release|Any CPU
		{A67B46F9-C837-4F6E-8B0B-46CEB6C46777}.Debug|Any CPU.ActiveCfg = Debug|Any CPU
		{A67B46F9-C837-4F6E-8B0B-46CEB6C46777}.Debug|Any CPU.Build.0 = Debug|Any CPU
		{A67B46F9-C837-4F6E-8B0B-46CEB6C46777}.Debug|x86.ActiveCfg = Debug|Any CPU
		{A67B46F9-C837-4F6E-8B0B-46CEB6C46777}.Release|Any CPU.ActiveCfg = Release|Any CPU
		{A67B46F9-C837-4F6E-8B0B-46CEB6C46777}.Release|Any CPU.Build.0 = Release|Any CPU
		{A67B46F9-C837-4F6E-8B0B-46CEB6C46777}.Release|x86.ActiveCfg = Release|Any CPU
		{669C047B-3636-4089-87E0-5F73CFD0B7B2}.Debug|Any CPU.ActiveCfg = Debug|Any CPU
		{669C047B-3636-4089-87E0-5F73CFD0B7B2}.Debug|Any CPU.Build.0 = Debug|Any CPU
		{669C047B-3636-4089-87E0-5F73CFD0B7B2}.Debug|x86.ActiveCfg = Debug|Any CPU
		{669C047B-3636-4089-87E0-5F73CFD0B7B2}.Release|Any CPU.ActiveCfg = Release|Any CPU
		{669C047B-3636-4089-87E0-5F73CFD0B7B2}.Release|Any CPU.Build.0 = Release|Any CPU
		{669C047B-3636-4089-87E0-5F73CFD0B7B2}.Release|x86.ActiveCfg = Release|Any CPU
		{A2E0BBE4-864D-45B4-9ED2-B4F565463415}.Debug|Any CPU.ActiveCfg = Debug|Any CPU
		{A2E0BBE4-864D-45B4-9ED2-B4F565463415}.Debug|Any CPU.Build.0 = Debug|Any CPU
		{A2E0BBE4-864D-45B4-9ED2-B4F565463415}.Debug|x86.ActiveCfg = Debug|Any CPU
		{A2E0BBE4-864D-45B4-9ED2-B4F565463415}.Release|Any CPU.ActiveCfg = Release|Any CPU
		{A2E0BBE4-864D-45B4-9ED2-B4F565463415}.Release|Any CPU.Build.0 = Release|Any CPU
		{A2E0BBE4-864D-45B4-9ED2-B4F565463415}.Release|x86.ActiveCfg = Release|Any CPU
		{552572B0-ED54-487C-A081-D9004B9894E6}.Debug|Any CPU.ActiveCfg = Debug|Any CPU
		{552572B0-ED54-487C-A081-D9004B9894E6}.Debug|Any CPU.Build.0 = Debug|Any CPU
		{552572B0-ED54-487C-A081-D9004B9894E6}.Debug|x86.ActiveCfg = Debug|Any CPU
		{552572B0-ED54-487C-A081-D9004B9894E6}.Release|Any CPU.ActiveCfg = Release|Any CPU
		{552572B0-ED54-487C-A081-D9004B9894E6}.Release|Any CPU.Build.0 = Release|Any CPU
		{552572B0-ED54-487C-A081-D9004B9894E6}.Release|x86.ActiveCfg = Release|Any CPU
		{99936B13-4CBF-4896-BDD0-CFFC14A0D8C7}.Debug|Any CPU.ActiveCfg = Debug|Any CPU
		{99936B13-4CBF-4896-BDD0-CFFC14A0D8C7}.Debug|Any CPU.Build.0 = Debug|Any CPU
		{99936B13-4CBF-4896-BDD0-CFFC14A0D8C7}.Debug|x86.ActiveCfg = Debug|Any CPU
		{99936B13-4CBF-4896-BDD0-CFFC14A0D8C7}.Release|Any CPU.ActiveCfg = Release|Any CPU
		{99936B13-4CBF-4896-BDD0-CFFC14A0D8C7}.Release|Any CPU.Build.0 = Release|Any CPU
		{99936B13-4CBF-4896-BDD0-CFFC14A0D8C7}.Release|x86.ActiveCfg = Release|Any CPU
		{97228DA9-9ACC-4164-A9D1-8F3BA1337C10}.Debug|Any CPU.ActiveCfg = Debug|Any CPU
		{97228DA9-9ACC-4164-A9D1-8F3BA1337C10}.Debug|Any CPU.Build.0 = Debug|Any CPU
		{97228DA9-9ACC-4164-A9D1-8F3BA1337C10}.Debug|x86.ActiveCfg = Debug|Any CPU
		{97228DA9-9ACC-4164-A9D1-8F3BA1337C10}.Release|Any CPU.ActiveCfg = Release|Any CPU
		{97228DA9-9ACC-4164-A9D1-8F3BA1337C10}.Release|Any CPU.Build.0 = Release|Any CPU
		{97228DA9-9ACC-4164-A9D1-8F3BA1337C10}.Release|x86.ActiveCfg = Release|Any CPU
		{EEAACDD7-224D-4D96-B0F1-6608BEB2C400}.Debug|Any CPU.ActiveCfg = Debug|Any CPU
		{EEAACDD7-224D-4D96-B0F1-6608BEB2C400}.Debug|Any CPU.Build.0 = Debug|Any CPU
		{EEAACDD7-224D-4D96-B0F1-6608BEB2C400}.Debug|x86.ActiveCfg = Debug|Any CPU
		{EEAACDD7-224D-4D96-B0F1-6608BEB2C400}.Release|Any CPU.ActiveCfg = Release|Any CPU
		{EEAACDD7-224D-4D96-B0F1-6608BEB2C400}.Release|Any CPU.Build.0 = Release|Any CPU
		{EEAACDD7-224D-4D96-B0F1-6608BEB2C400}.Release|x86.ActiveCfg = Release|Any CPU
		{662C4EB2-4940-455A-AC5E-AD59B5982CAE}.Debug|Any CPU.ActiveCfg = Debug|Any CPU
		{662C4EB2-4940-455A-AC5E-AD59B5982CAE}.Debug|Any CPU.Build.0 = Debug|Any CPU
		{662C4EB2-4940-455A-AC5E-AD59B5982CAE}.Debug|x86.ActiveCfg = Debug|Any CPU
		{662C4EB2-4940-455A-AC5E-AD59B5982CAE}.Release|Any CPU.ActiveCfg = Release|Any CPU
		{662C4EB2-4940-455A-AC5E-AD59B5982CAE}.Release|Any CPU.Build.0 = Release|Any CPU
		{662C4EB2-4940-455A-AC5E-AD59B5982CAE}.Release|x86.ActiveCfg = Release|Any CPU
		{131711FA-D983-4852-B301-A454CDDB162B}.Debug|Any CPU.ActiveCfg = Debug|Any CPU
		{131711FA-D983-4852-B301-A454CDDB162B}.Debug|Any CPU.Build.0 = Debug|Any CPU
		{131711FA-D983-4852-B301-A454CDDB162B}.Debug|x86.ActiveCfg = Debug|Any CPU
		{131711FA-D983-4852-B301-A454CDDB162B}.Release|Any CPU.ActiveCfg = Release|Any CPU
		{131711FA-D983-4852-B301-A454CDDB162B}.Release|Any CPU.Build.0 = Release|Any CPU
		{131711FA-D983-4852-B301-A454CDDB162B}.Release|x86.ActiveCfg = Release|Any CPU
		{024BF11E-1D6D-4066-8F16-7E15E6F74332}.Debug|Any CPU.ActiveCfg = Debug|Any CPU
		{024BF11E-1D6D-4066-8F16-7E15E6F74332}.Debug|Any CPU.Build.0 = Debug|Any CPU
		{024BF11E-1D6D-4066-8F16-7E15E6F74332}.Debug|x86.ActiveCfg = Debug|Any CPU
		{024BF11E-1D6D-4066-8F16-7E15E6F74332}.Release|Any CPU.ActiveCfg = Release|Any CPU
		{024BF11E-1D6D-4066-8F16-7E15E6F74332}.Release|Any CPU.Build.0 = Release|Any CPU
		{024BF11E-1D6D-4066-8F16-7E15E6F74332}.Release|x86.ActiveCfg = Release|Any CPU
		{7613E04E-743A-4D78-8D07-1BDFCB7A26BE}.Debug|Any CPU.ActiveCfg = Debug|Any CPU
		{7613E04E-743A-4D78-8D07-1BDFCB7A26BE}.Debug|Any CPU.Build.0 = Debug|Any CPU
		{7613E04E-743A-4D78-8D07-1BDFCB7A26BE}.Debug|x86.ActiveCfg = Debug|Any CPU
		{7613E04E-743A-4D78-8D07-1BDFCB7A26BE}.Release|Any CPU.ActiveCfg = Release|Any CPU
		{7613E04E-743A-4D78-8D07-1BDFCB7A26BE}.Release|Any CPU.Build.0 = Release|Any CPU
		{7613E04E-743A-4D78-8D07-1BDFCB7A26BE}.Release|x86.ActiveCfg = Release|Any CPU
		{29B64764-F2DB-48B6-BD4C-DFE4C17FE69B}.Debug|Any CPU.ActiveCfg = Debug|Any CPU
		{29B64764-F2DB-48B6-BD4C-DFE4C17FE69B}.Debug|Any CPU.Build.0 = Debug|Any CPU
		{29B64764-F2DB-48B6-BD4C-DFE4C17FE69B}.Debug|x86.ActiveCfg = Debug|Any CPU
		{29B64764-F2DB-48B6-BD4C-DFE4C17FE69B}.Release|Any CPU.ActiveCfg = Release|Any CPU
		{29B64764-F2DB-48B6-BD4C-DFE4C17FE69B}.Release|Any CPU.Build.0 = Release|Any CPU
		{29B64764-F2DB-48B6-BD4C-DFE4C17FE69B}.Release|x86.ActiveCfg = Release|Any CPU
		{0747AF32-1BC7-4BD7-8606-FBE929329397}.Debug|Any CPU.ActiveCfg = Debug|Any CPU
		{0747AF32-1BC7-4BD7-8606-FBE929329397}.Debug|Any CPU.Build.0 = Debug|Any CPU
		{0747AF32-1BC7-4BD7-8606-FBE929329397}.Debug|x86.ActiveCfg = Debug|Any CPU
		{0747AF32-1BC7-4BD7-8606-FBE929329397}.Release|Any CPU.ActiveCfg = Release|Any CPU
		{0747AF32-1BC7-4BD7-8606-FBE929329397}.Release|Any CPU.Build.0 = Release|Any CPU
		{0747AF32-1BC7-4BD7-8606-FBE929329397}.Release|x86.ActiveCfg = Release|Any CPU
		{04AA1F45-3E1D-4D03-A023-61845A4B8AB9}.Debug|Any CPU.ActiveCfg = Debug|Any CPU
		{04AA1F45-3E1D-4D03-A023-61845A4B8AB9}.Debug|Any CPU.Build.0 = Debug|Any CPU
		{04AA1F45-3E1D-4D03-A023-61845A4B8AB9}.Debug|x86.ActiveCfg = Debug|Any CPU
		{04AA1F45-3E1D-4D03-A023-61845A4B8AB9}.Release|Any CPU.ActiveCfg = Release|Any CPU
		{04AA1F45-3E1D-4D03-A023-61845A4B8AB9}.Release|Any CPU.Build.0 = Release|Any CPU
		{04AA1F45-3E1D-4D03-A023-61845A4B8AB9}.Release|x86.ActiveCfg = Release|Any CPU
		{0EEADF61-09CF-43E7-9A3B-3B5A69B80110}.Debug|Any CPU.ActiveCfg = Debug|Any CPU
		{0EEADF61-09CF-43E7-9A3B-3B5A69B80110}.Debug|Any CPU.Build.0 = Debug|Any CPU
		{0EEADF61-09CF-43E7-9A3B-3B5A69B80110}.Debug|x86.ActiveCfg = Debug|Any CPU
		{0EEADF61-09CF-43E7-9A3B-3B5A69B80110}.Release|Any CPU.ActiveCfg = Release|Any CPU
		{0EEADF61-09CF-43E7-9A3B-3B5A69B80110}.Release|Any CPU.Build.0 = Release|Any CPU
		{0EEADF61-09CF-43E7-9A3B-3B5A69B80110}.Release|x86.ActiveCfg = Release|Any CPU
		{34080570-384B-4FC9-91C8-8A8EF69F17B1}.Debug|Any CPU.ActiveCfg = Debug|Any CPU
		{34080570-384B-4FC9-91C8-8A8EF69F17B1}.Debug|Any CPU.Build.0 = Debug|Any CPU
		{34080570-384B-4FC9-91C8-8A8EF69F17B1}.Debug|x86.ActiveCfg = Debug|Any CPU
		{34080570-384B-4FC9-91C8-8A8EF69F17B1}.Release|Any CPU.ActiveCfg = Release|Any CPU
		{34080570-384B-4FC9-91C8-8A8EF69F17B1}.Release|Any CPU.Build.0 = Release|Any CPU
		{34080570-384B-4FC9-91C8-8A8EF69F17B1}.Release|x86.ActiveCfg = Release|Any CPU
		{08F004F5-1197-428C-9DEF-98BE0D35C96F}.Debug|Any CPU.ActiveCfg = Debug|Any CPU
		{08F004F5-1197-428C-9DEF-98BE0D35C96F}.Debug|Any CPU.Build.0 = Debug|Any CPU
		{08F004F5-1197-428C-9DEF-98BE0D35C96F}.Debug|x86.ActiveCfg = Debug|Any CPU
		{08F004F5-1197-428C-9DEF-98BE0D35C96F}.Release|Any CPU.ActiveCfg = Release|Any CPU
		{08F004F5-1197-428C-9DEF-98BE0D35C96F}.Release|Any CPU.Build.0 = Release|Any CPU
		{08F004F5-1197-428C-9DEF-98BE0D35C96F}.Release|x86.ActiveCfg = Release|Any CPU
		{D934EE3B-B400-4655-A8C7-DE3932023A02}.Debug|Any CPU.ActiveCfg = Debug|Any CPU
		{D934EE3B-B400-4655-A8C7-DE3932023A02}.Debug|Any CPU.Build.0 = Debug|Any CPU
		{D934EE3B-B400-4655-A8C7-DE3932023A02}.Debug|x86.ActiveCfg = Debug|Any CPU
		{D934EE3B-B400-4655-A8C7-DE3932023A02}.Release|Any CPU.ActiveCfg = Release|Any CPU
		{D934EE3B-B400-4655-A8C7-DE3932023A02}.Release|Any CPU.Build.0 = Release|Any CPU
		{D934EE3B-B400-4655-A8C7-DE3932023A02}.Release|x86.ActiveCfg = Release|Any CPU
		{A1F61306-2E5D-4561-9851-2836E9A8BCA1}.Debug|Any CPU.ActiveCfg = Debug|Any CPU
		{A1F61306-2E5D-4561-9851-2836E9A8BCA1}.Debug|Any CPU.Build.0 = Debug|Any CPU
		{A1F61306-2E5D-4561-9851-2836E9A8BCA1}.Debug|x86.ActiveCfg = Debug|Any CPU
		{A1F61306-2E5D-4561-9851-2836E9A8BCA1}.Release|Any CPU.ActiveCfg = Release|Any CPU
		{A1F61306-2E5D-4561-9851-2836E9A8BCA1}.Release|Any CPU.Build.0 = Release|Any CPU
		{A1F61306-2E5D-4561-9851-2836E9A8BCA1}.Release|x86.ActiveCfg = Release|Any CPU
		{37B597FF-721E-4861-A61D-A0D249F8B962}.Debug|Any CPU.ActiveCfg = Debug|Any CPU
		{37B597FF-721E-4861-A61D-A0D249F8B962}.Debug|Any CPU.Build.0 = Debug|Any CPU
		{37B597FF-721E-4861-A61D-A0D249F8B962}.Debug|x86.ActiveCfg = Debug|Any CPU
		{37B597FF-721E-4861-A61D-A0D249F8B962}.Release|Any CPU.ActiveCfg = Release|Any CPU
		{37B597FF-721E-4861-A61D-A0D249F8B962}.Release|Any CPU.Build.0 = Release|Any CPU
		{37B597FF-721E-4861-A61D-A0D249F8B962}.Release|x86.ActiveCfg = Release|Any CPU
		{EF2A3DC4-9A01-456D-9B25-B8DADC0E12EB}.Debug|Any CPU.ActiveCfg = Debug|Any CPU
		{EF2A3DC4-9A01-456D-9B25-B8DADC0E12EB}.Debug|Any CPU.Build.0 = Debug|Any CPU
		{EF2A3DC4-9A01-456D-9B25-B8DADC0E12EB}.Debug|x86.ActiveCfg = Debug|Any CPU
		{EF2A3DC4-9A01-456D-9B25-B8DADC0E12EB}.Release|Any CPU.ActiveCfg = Release|Any CPU
		{EF2A3DC4-9A01-456D-9B25-B8DADC0E12EB}.Release|Any CPU.Build.0 = Release|Any CPU
		{EF2A3DC4-9A01-456D-9B25-B8DADC0E12EB}.Release|x86.ActiveCfg = Release|Any CPU
		{F06C1091-8E98-48DD-AACE-C20B1DF63022}.Debug|Any CPU.ActiveCfg = Debug|Any CPU
		{F06C1091-8E98-48DD-AACE-C20B1DF63022}.Debug|Any CPU.Build.0 = Debug|Any CPU
		{F06C1091-8E98-48DD-AACE-C20B1DF63022}.Debug|x86.ActiveCfg = Debug|Any CPU
		{F06C1091-8E98-48DD-AACE-C20B1DF63022}.Release|Any CPU.ActiveCfg = Release|Any CPU
		{F06C1091-8E98-48DD-AACE-C20B1DF63022}.Release|Any CPU.Build.0 = Release|Any CPU
		{F06C1091-8E98-48DD-AACE-C20B1DF63022}.Release|x86.ActiveCfg = Release|Any CPU
		{9C943882-85FB-42EE-8B89-9C071AEE8E9F}.Debug|Any CPU.ActiveCfg = Debug|Any CPU
		{9C943882-85FB-42EE-8B89-9C071AEE8E9F}.Debug|Any CPU.Build.0 = Debug|Any CPU
		{9C943882-85FB-42EE-8B89-9C071AEE8E9F}.Debug|x86.ActiveCfg = Debug|Any CPU
		{9C943882-85FB-42EE-8B89-9C071AEE8E9F}.Release|Any CPU.ActiveCfg = Release|Any CPU
		{9C943882-85FB-42EE-8B89-9C071AEE8E9F}.Release|Any CPU.Build.0 = Release|Any CPU
		{9C943882-85FB-42EE-8B89-9C071AEE8E9F}.Release|x86.ActiveCfg = Release|Any CPU
		{0EE4862D-6200-4851-A478-7EC9936E1DD4}.Debug|Any CPU.ActiveCfg = Debug|Any CPU
		{0EE4862D-6200-4851-A478-7EC9936E1DD4}.Debug|Any CPU.Build.0 = Debug|Any CPU
		{0EE4862D-6200-4851-A478-7EC9936E1DD4}.Debug|x86.ActiveCfg = Debug|Any CPU
		{0EE4862D-6200-4851-A478-7EC9936E1DD4}.Release|Any CPU.ActiveCfg = Release|Any CPU
		{0EE4862D-6200-4851-A478-7EC9936E1DD4}.Release|Any CPU.Build.0 = Release|Any CPU
		{0EE4862D-6200-4851-A478-7EC9936E1DD4}.Release|x86.ActiveCfg = Release|Any CPU
		{EE3A731C-FDC7-44C9-965E-0F22338B8EEF}.Debug|Any CPU.ActiveCfg = Debug|Any CPU
		{EE3A731C-FDC7-44C9-965E-0F22338B8EEF}.Debug|Any CPU.Build.0 = Debug|Any CPU
		{EE3A731C-FDC7-44C9-965E-0F22338B8EEF}.Debug|x86.ActiveCfg = Debug|Any CPU
		{EE3A731C-FDC7-44C9-965E-0F22338B8EEF}.Release|Any CPU.ActiveCfg = Release|Any CPU
		{EE3A731C-FDC7-44C9-965E-0F22338B8EEF}.Release|Any CPU.Build.0 = Release|Any CPU
		{EE3A731C-FDC7-44C9-965E-0F22338B8EEF}.Release|x86.ActiveCfg = Release|Any CPU
		{152FF8F3-C51F-421E-BC5C-327E13F74341}.Debug|Any CPU.ActiveCfg = Debug|Any CPU
		{152FF8F3-C51F-421E-BC5C-327E13F74341}.Debug|Any CPU.Build.0 = Debug|Any CPU
		{152FF8F3-C51F-421E-BC5C-327E13F74341}.Debug|x86.ActiveCfg = Debug|Any CPU
		{152FF8F3-C51F-421E-BC5C-327E13F74341}.Release|Any CPU.ActiveCfg = Release|Any CPU
		{152FF8F3-C51F-421E-BC5C-327E13F74341}.Release|Any CPU.Build.0 = Release|Any CPU
		{152FF8F3-C51F-421E-BC5C-327E13F74341}.Release|x86.ActiveCfg = Release|Any CPU
		{F8B1DBBD-BD2D-471B-A5B2-6E3CD9957E7D}.Debug|Any CPU.ActiveCfg = Debug|Any CPU
		{F8B1DBBD-BD2D-471B-A5B2-6E3CD9957E7D}.Debug|Any CPU.Build.0 = Debug|Any CPU
		{F8B1DBBD-BD2D-471B-A5B2-6E3CD9957E7D}.Debug|x86.ActiveCfg = Debug|Any CPU
		{F8B1DBBD-BD2D-471B-A5B2-6E3CD9957E7D}.Release|Any CPU.ActiveCfg = Release|Any CPU
		{F8B1DBBD-BD2D-471B-A5B2-6E3CD9957E7D}.Release|Any CPU.Build.0 = Release|Any CPU
		{F8B1DBBD-BD2D-471B-A5B2-6E3CD9957E7D}.Release|x86.ActiveCfg = Release|Any CPU
		{A46E45A1-F114-4A1D-A8C1-C9E61E899C64}.Debug|Any CPU.ActiveCfg = Debug|Any CPU
		{A46E45A1-F114-4A1D-A8C1-C9E61E899C64}.Debug|Any CPU.Build.0 = Debug|Any CPU
		{A46E45A1-F114-4A1D-A8C1-C9E61E899C64}.Debug|x86.ActiveCfg = Debug|Any CPU
		{A46E45A1-F114-4A1D-A8C1-C9E61E899C64}.Release|Any CPU.ActiveCfg = Release|Any CPU
		{A46E45A1-F114-4A1D-A8C1-C9E61E899C64}.Release|Any CPU.Build.0 = Release|Any CPU
		{A46E45A1-F114-4A1D-A8C1-C9E61E899C64}.Release|x86.ActiveCfg = Release|Any CPU
		{9D795638-F4A8-4FE6-810F-C4565D3B1918}.Debug|Any CPU.ActiveCfg = Debug|Any CPU
		{9D795638-F4A8-4FE6-810F-C4565D3B1918}.Debug|Any CPU.Build.0 = Debug|Any CPU
		{9D795638-F4A8-4FE6-810F-C4565D3B1918}.Debug|x86.ActiveCfg = Debug|Any CPU
		{9D795638-F4A8-4FE6-810F-C4565D3B1918}.Debug|x86.Build.0 = Debug|Any CPU
		{9D795638-F4A8-4FE6-810F-C4565D3B1918}.Release|Any CPU.ActiveCfg = Release|Any CPU
		{9D795638-F4A8-4FE6-810F-C4565D3B1918}.Release|Any CPU.Build.0 = Release|Any CPU
		{9D795638-F4A8-4FE6-810F-C4565D3B1918}.Release|x86.ActiveCfg = Release|Any CPU
		{9D795638-F4A8-4FE6-810F-C4565D3B1918}.Release|x86.Build.0 = Release|Any CPU
	EndGlobalSection
	GlobalSection(SolutionProperties) = preSolution
		HideSolutionNode = FALSE
	EndGlobalSection
	GlobalSection(ExtensibilityGlobals) = postSolution
		SolutionGuid = {23D25296-9587-40CD-BEC0-136E15442AD2}
	EndGlobalSection
EndGlobal
